
Microsoft Visual Studio Solution File, Format Version 12.00
# Visual Studio 15
VisualStudioVersion = 15.0.28010.2036
MinimumVisualStudioVersion = 10.0.40219.1
Project("{FAE04EC0-301F-11D3-BF4B-00C04F79EFBC}") = "NotPowerShell", "NotPowerShell\NotPowerShell.csproj", "{A2D6C95E-2D20-485A-8F40-63EA2C92CD75}"
EndProject
Global
	GlobalSection(SolutionConfigurationPlatforms) = preSolution
		Debug|Any CPU = Debug|Any CPU
		Release|Any CPU = Release|Any CPU
	EndGlobalSection
	GlobalSection(ProjectConfigurationPlatforms) = postSolution
		{A2D6C95E-2D20-485A-8F40-63EA2C92CD75}.Debug|Any CPU.ActiveCfg = Debug|Any CPU
		{A2D6C95E-2D20-485A-8F40-63EA2C92CD75}.Debug|Any CPU.Build.0 = Debug|Any CPU
		{A2D6C95E-2D20-485A-8F40-63EA2C92CD75}.Release|Any CPU.ActiveCfg = Release|Any CPU
		{A2D6C95E-2D20-485A-8F40-63EA2C92CD75}.Release|Any CPU.Build.0 = Release|Any CPU
	EndGlobalSection
	GlobalSection(SolutionProperties) = preSolution
		HideSolutionNode = FALSE
	EndGlobalSection
	GlobalSection(ExtensibilityGlobals) = postSolution
		SolutionGuid = {7EE1D20E-1F99-4F41-A7B6-F277E69C49F8}
	EndGlobalSection
EndGlobal
